
Microsoft Visual Studio Solution File, Format Version 12.00
# Visual Studio Version 17
VisualStudioVersion = 17.7.34221.43
MinimumVisualStudioVersion = 10.0.40219.1
Project("{8BC9CEB8-8B4A-11D0-8D11-00A0C91BC942}") = "Fortnite Universal Unlocker", "Fortnite Universal Unlocker\Fortnite Universal Unlocker.vcxproj", "{2DEE13BB-42D0-4EFD-AF7B-C11ACD4D226A}"
EndProject
Global
	GlobalSection(SolutionConfigurationPlatforms) = preSolution
		Debug|x64 = Debug|x64
		Debug|x86 = Debug|x86
		Release|x64 = Release|x64
		Release|x86 = Release|x86
	EndGlobalSection
	GlobalSection(ProjectConfigurationPlatforms) = postSolution
		{2DEE13BB-42D0-4EFD-AF7B-C11ACD4D226A}.Debug|x64.ActiveCfg = Debug|x64
		{2DEE13BB-42D0-4EFD-AF7B-C11ACD4D226A}.Debug|x64.Build.0 = Debug|x64
		{2DEE13BB-42D0-4EFD-AF7B-C11ACD4D226A}.Debug|x86.ActiveCfg = Debug|Win32
		{2DEE13BB-42D0-4EFD-AF7B-C11ACD4D226A}.Debug|x86.Build.0 = Debug|Win32
		{2DEE13BB-42D0-4EFD-AF7B-C11ACD4D226A}.Release|x64.ActiveCfg = Release|x64
		{2DEE13BB-42D0-4EFD-AF7B-C11ACD4D226A}.Release|x64.Build.0 = Release|x64
		{2DEE13BB-42D0-4EFD-AF7B-C11ACD4D226A}.Release|x86.ActiveCfg = Release|Win32
		{2DEE13BB-42D0-4EFD-AF7B-C11ACD4D226A}.Release|x86.Build.0 = Release|Win32
	EndGlobalSection
	GlobalSection(SolutionProperties) = preSolution
		HideSolutionNode = FALSE
	EndGlobalSection
	GlobalSection(ExtensibilityGlobals) = postSolution
		SolutionGuid = {A9E81EDA-A633-4C66-911D-A5BBA4F0A902}
	EndGlobalSection
EndGlobal
